
Microsoft Visual Studio Solution File, Format Version 11.00
# Visual Studio 2010
Project("{FAE04EC0-301F-11D3-BF4B-00C04F79EFBC}") = "RL_Stirrup_Steel_Link2013", "RL_Stirrup_Steel_Link2013\RL_Stirrup_Steel_Link2013.csproj", "{10B3989D-6F99-4E4C-A9CB-ECABF92EB33D}"
EndProject
Global
	GlobalSection(SolutionConfigurationPlatforms) = preSolution
		Debug|Any CPU = Debug|Any CPU
		Release|Any CPU = Release|Any CPU
	EndGlobalSection
	GlobalSection(ProjectConfigurationPlatforms) = postSolution
		{10B3989D-6F99-4E4C-A9CB-ECABF92EB33D}.Debug|Any CPU.ActiveCfg = Debug|Any CPU
		{10B3989D-6F99-4E4C-A9CB-ECABF92EB33D}.Debug|Any CPU.Build.0 = Debug|Any CPU
		{10B3989D-6F99-4E4C-A9CB-ECABF92EB33D}.Release|Any CPU.ActiveCfg = Release|Any CPU
		{10B3989D-6F99-4E4C-A9CB-ECABF92EB33D}.Release|Any CPU.Build.0 = Release|Any CPU
	EndGlobalSection
	GlobalSection(SolutionProperties) = preSolution
		HideSolutionNode = FALSE
	EndGlobalSection
EndGlobal
